
Microsoft Visual Studio Solution File, Format Version 12.00
# Visual Studio 2012
Project("{FAE04EC0-301F-11D3-BF4B-00C04F79EFBC}") = "XDeploy.Core", "XDeploy.Core\XDeploy.Core.csproj", "{4C935634-DDA5-4434-9BC4-D0A9F08EE077}"
EndProject
Project("{FAE04EC0-301F-11D3-BF4B-00C04F79EFBC}") = "XDeploy", "XDeploy\XDeploy.csproj", "{82E864FF-CBD9-4927-BC86-ED56642D0D7C}"
EndProject
Project("{FAE04EC0-301F-11D3-BF4B-00C04F79EFBC}") = "XDeploy.Wpf.Framework", "XDeploy.Wpf.Framework\XDeploy.Wpf.Framework.csproj", "{1AEE706F-AC34-435A-AF6C-8136941CFC71}"
EndProject
Project("{2150E333-8FDC-42A3-9474-1A3956D46DE8}") = "1. Core", "1. Core", "{775314B5-CE4C-45B5-980E-D7F8D92A7DCF}"
EndProject
Project("{2150E333-8FDC-42A3-9474-1A3956D46DE8}") = "2. Presentation", "2. Presentation", "{082926C0-6E1D-46AF-B156-E63D0DE19173}"
EndProject
Global
	GlobalSection(SolutionConfigurationPlatforms) = preSolution
		Debug|Any CPU = Debug|Any CPU
		Release|Any CPU = Release|Any CPU
	EndGlobalSection
	GlobalSection(ProjectConfigurationPlatforms) = postSolution
		{4C935634-DDA5-4434-9BC4-D0A9F08EE077}.Debug|Any CPU.ActiveCfg = Debug|Any CPU
		{4C935634-DDA5-4434-9BC4-D0A9F08EE077}.Debug|Any CPU.Build.0 = Debug|Any CPU
		{4C935634-DDA5-4434-9BC4-D0A9F08EE077}.Release|Any CPU.ActiveCfg = Release|Any CPU
		{4C935634-DDA5-4434-9BC4-D0A9F08EE077}.Release|Any CPU.Build.0 = Release|Any CPU
		{82E864FF-CBD9-4927-BC86-ED56642D0D7C}.Debug|Any CPU.ActiveCfg = Debug|Any CPU
		{82E864FF-CBD9-4927-BC86-ED56642D0D7C}.Debug|Any CPU.Build.0 = Debug|Any CPU
		{82E864FF-CBD9-4927-BC86-ED56642D0D7C}.Release|Any CPU.ActiveCfg = Release|Any CPU
		{82E864FF-CBD9-4927-BC86-ED56642D0D7C}.Release|Any CPU.Build.0 = Release|Any CPU
		{1AEE706F-AC34-435A-AF6C-8136941CFC71}.Debug|Any CPU.ActiveCfg = Debug|Any CPU
		{1AEE706F-AC34-435A-AF6C-8136941CFC71}.Debug|Any CPU.Build.0 = Debug|Any CPU
		{1AEE706F-AC34-435A-AF6C-8136941CFC71}.Release|Any CPU.ActiveCfg = Release|Any CPU
		{1AEE706F-AC34-435A-AF6C-8136941CFC71}.Release|Any CPU.Build.0 = Release|Any CPU
	EndGlobalSection
	GlobalSection(SolutionProperties) = preSolution
		HideSolutionNode = FALSE
	EndGlobalSection
	GlobalSection(NestedProjects) = preSolution
		{4C935634-DDA5-4434-9BC4-D0A9F08EE077} = {775314B5-CE4C-45B5-980E-D7F8D92A7DCF}
		{1AEE706F-AC34-435A-AF6C-8136941CFC71} = {082926C0-6E1D-46AF-B156-E63D0DE19173}
		{82E864FF-CBD9-4927-BC86-ED56642D0D7C} = {082926C0-6E1D-46AF-B156-E63D0DE19173}
	EndGlobalSection
EndGlobal
